
Microsoft Visual Studio Solution File, Format Version 12.00
# Visual Studio 15
VisualStudioVersion = 15.0.28010.2003
MinimumVisualStudioVersion = 10.0.40219.1
Project("{9A19103F-16F7-4668-BE54-9A1E7A4F7556}") = "AdventurePlanner", "AdventurePlanner\AdventurePlanner.csproj", "{C6F564EA-7A25-4C8E-970E-61915BB4FA00}"
EndProject
Project("{9A19103F-16F7-4668-BE54-9A1E7A4F7556}") = "Adventure.Repository", "..\Adventure.Repository\Adventure.Repository\Adventure.Repository.csproj", "{0980D6E5-EBDC-4406-80CE-67788C5B20B0}"
EndProject
Global
	GlobalSection(SolutionConfigurationPlatforms) = preSolution
		Debug|Any CPU = Debug|Any CPU
		Release|Any CPU = Release|Any CPU
	EndGlobalSection
	GlobalSection(ProjectConfigurationPlatforms) = postSolution
		{C6F564EA-7A25-4C8E-970E-61915BB4FA00}.Debug|Any CPU.ActiveCfg = Debug|Any CPU
		{C6F564EA-7A25-4C8E-970E-61915BB4FA00}.Debug|Any CPU.Build.0 = Debug|Any CPU
		{C6F564EA-7A25-4C8E-970E-61915BB4FA00}.Release|Any CPU.ActiveCfg = Release|Any CPU
		{C6F564EA-7A25-4C8E-970E-61915BB4FA00}.Release|Any CPU.Build.0 = Release|Any CPU
		{0980D6E5-EBDC-4406-80CE-67788C5B20B0}.Debug|Any CPU.ActiveCfg = Debug|Any CPU
		{0980D6E5-EBDC-4406-80CE-67788C5B20B0}.Debug|Any CPU.Build.0 = Debug|Any CPU
		{0980D6E5-EBDC-4406-80CE-67788C5B20B0}.Release|Any CPU.ActiveCfg = Release|Any CPU
		{0980D6E5-EBDC-4406-80CE-67788C5B20B0}.Release|Any CPU.Build.0 = Release|Any CPU
	EndGlobalSection
	GlobalSection(SolutionProperties) = preSolution
		HideSolutionNode = FALSE
	EndGlobalSection
	GlobalSection(ExtensibilityGlobals) = postSolution
		SolutionGuid = {5C63E945-6AD6-464A-B913-EF073E24E4A3}
	EndGlobalSection
EndGlobal
