
Microsoft Visual Studio Solution File, Format Version 12.00
# Visual Studio 15
VisualStudioVersion = 15.0.28010.2003
MinimumVisualStudioVersion = 10.0.40219.1
Project("{FAE04EC0-301F-11D3-BF4B-00C04F79EFBC}") = "Adventure.Repository", "Adventure.Repository\Adventure.Repository.csproj", "{61F43702-0724-4627-9640-EAD62DAE5F78}"
EndProject
Global
	GlobalSection(SolutionConfigurationPlatforms) = preSolution
		Debug|Any CPU = Debug|Any CPU
		Release|Any CPU = Release|Any CPU
	EndGlobalSection
	GlobalSection(ProjectConfigurationPlatforms) = postSolution
		{61F43702-0724-4627-9640-EAD62DAE5F78}.Debug|Any CPU.ActiveCfg = Debug|Any CPU
		{61F43702-0724-4627-9640-EAD62DAE5F78}.Debug|Any CPU.Build.0 = Debug|Any CPU
		{61F43702-0724-4627-9640-EAD62DAE5F78}.Release|Any CPU.ActiveCfg = Release|Any CPU
		{61F43702-0724-4627-9640-EAD62DAE5F78}.Release|Any CPU.Build.0 = Release|Any CPU
	EndGlobalSection
	GlobalSection(SolutionProperties) = preSolution
		HideSolutionNode = FALSE
	EndGlobalSection
	GlobalSection(ExtensibilityGlobals) = postSolution
		SolutionGuid = {E5F6440B-7DBF-4F9E-8CAC-9B675E919C0C}
	EndGlobalSection
EndGlobal
